Microsoft Visual Studio Solution File, Format Version 11.00
# Visual Studio 2013
Project("{1AAC98C6-8D19-7AFF-185A-77EFBC571726}") = "LoudnessMeter", "LoudnessMeter.vcxproj", "{933BDBB4-88F5-03D4-A32E-1AF7A9EF37CE}"
EndProject
Global
	GlobalSection(SolutionConfigurationPlatforms) = preSolution
		Debug|Win32 = Debug|Win32
		Release|Win32 = Release|Win32
	EndGlobalSection
	GlobalSection(ProjectConfigurationPlatforms) = postSolution
		{933BDBB4-88F5-03D4-A32E-1AF7A9EF37CE}.Debug|Win32.ActiveCfg = Debug|Win32
		{933BDBB4-88F5-03D4-A32E-1AF7A9EF37CE}.Debug|Win32.Build.0 = Debug|Win32
		{933BDBB4-88F5-03D4-A32E-1AF7A9EF37CE}.Release|Win32.ActiveCfg = Release|Win32
		{933BDBB4-88F5-03D4-A32E-1AF7A9EF37CE}.Release|Win32.Build.0 = Release|Win32
	EndGlobalSection
	GlobalSection(SolutionProperties) = preSolution
		HideSolutionNode = FALSE
	EndGlobalSection
EndGlobal
